
Microsoft Visual Studio Solution File, Format Version 12.00
# Visual Studio Version 17
VisualStudioVersion = 17.10.34916.146
MinimumVisualStudioVersion = 10.0.40219.1
Project("{9A19103F-16F7-4668-BE54-9A1E7A4F7556}") = "Review-Filmes.Web", "Review-Filmes.Web\Review-Filmes.Web.csproj", "{0A9D83AA-C38E-4617-9213-72D5B2245999}"
EndProject
Project("{9A19103F-16F7-4668-BE54-9A1E7A4F7556}") = "Review-Filmes.Domain", "Review-Filmes.Domain\Review-Filmes.Domain.csproj", "{BFD42474-D403-42BE-A86F-8DC5E4879BA8}"
EndProject
Global
	GlobalSection(SolutionConfigurationPlatforms) = preSolution
		Debug|Any CPU = Debug|Any CPU
		Release|Any CPU = Release|Any CPU
	EndGlobalSection
	GlobalSection(ProjectConfigurationPlatforms) = postSolution
		{0A9D83AA-C38E-4617-9213-72D5B2245999}.Debug|Any CPU.ActiveCfg = Debug|Any CPU
		{0A9D83AA-C38E-4617-9213-72D5B2245999}.Debug|Any CPU.Build.0 = Debug|Any CPU
		{0A9D83AA-C38E-4617-9213-72D5B2245999}.Release|Any CPU.ActiveCfg = Release|Any CPU
		{0A9D83AA-C38E-4617-9213-72D5B2245999}.Release|Any CPU.Build.0 = Release|Any CPU
		{BFD42474-D403-42BE-A86F-8DC5E4879BA8}.Debug|Any CPU.ActiveCfg = Debug|Any CPU
		{BFD42474-D403-42BE-A86F-8DC5E4879BA8}.Debug|Any CPU.Build.0 = Debug|Any CPU
		{BFD42474-D403-42BE-A86F-8DC5E4879BA8}.Release|Any CPU.ActiveCfg = Release|Any CPU
		{BFD42474-D403-42BE-A86F-8DC5E4879BA8}.Release|Any CPU.Build.0 = Release|Any CPU
	EndGlobalSection
	GlobalSection(SolutionProperties) = preSolution
		HideSolutionNode = FALSE
	EndGlobalSection
	GlobalSection(ExtensibilityGlobals) = postSolution
		SolutionGuid = {CD8CA9BB-D3D9-4BAA-8A65-EAF86F40566C}
	EndGlobalSection
EndGlobal
